
Microsoft Visual Studio Solution File, Format Version 12.00
# Visual Studio 15
Project("{FAE04EC0-301F-11D3-BF4B-00C04F79EFBC}") = "Combat.Core", "Combat.Core.csproj", "{9469A838-808A-7FC0-7FD4-464804FF8D09}"
EndProject
Project("{FAE04EC0-301F-11D3-BF4B-00C04F79EFBC}") = "cn.lys.aibridge.Editor", "cn.lys.aibridge.Editor.csproj", "{16532C1F-6F5D-6412-AF1A-57D3F03C5670}"
EndProject
Project("{FAE04EC0-301F-11D3-BF4B-00C04F79EFBC}") = "Combat.Config", "Combat.Config.csproj", "{BC6F6038-0069-8AC4-F9EC-8D58341873EE}"
EndProject
Project("{FAE04EC0-301F-11D3-BF4B-00C04F79EFBC}") = "Combat.Editor", "Combat.Editor.csproj", "{4E0D01F4-BF12-E6AB-89BD-9EBA746B6F06}"
EndProject
Project("{FAE04EC0-301F-11D3-BF4B-00C04F79EFBC}") = "Combat.Demos", "Combat.Demos.csproj", "{C751178D-9208-3791-889B-90CE802D7088}"
EndProject
Project("{FAE04EC0-301F-11D3-BF4B-00C04F79EFBC}") = "cn.lys.aibridge.Runtime", "cn.lys.aibridge.Runtime.csproj", "{253DF5A2-9D93-F986-36CF-99F7523CD741}"
EndProject
Project("{FAE04EC0-301F-11D3-BF4B-00C04F79EFBC}") = "Assembly-CSharp-Editor", "Assembly-CSharp-Editor.csproj", "{112FCC5D-D972-E0E2-F410-C61AE5304B19}"
EndProject
Project("{FAE04EC0-301F-11D3-BF4B-00C04F79EFBC}") = "Combat.Presentation", "Combat.Presentation.csproj", "{CBDDD2AA-D24E-CE82-4C30-46911B3BB498}"
EndProject
Project("{FAE04EC0-301F-11D3-BF4B-00C04F79EFBC}") = "Assembly-CSharp", "Assembly-CSharp.csproj", "{C5B38940-611C-0F5D-736B-83A09FFB4537}"
EndProject
Project("{FAE04EC0-301F-11D3-BF4B-00C04F79EFBC}") = "Combat.Unity", "Combat.Unity.csproj", "{9FD0009E-61AD-1D21-D9B1-AAA8DEBC451A}"
EndProject
Global
	GlobalSection(SolutionConfigurationPlatforms) = preSolution
		Debug|Any CPU = Debug|Any CPU
		Release|Any CPU = Release|Any CPU
	EndGlobalSection
	GlobalSection(ProjectConfigurationPlatforms) = postSolution
		{9469A838-808A-7FC0-7FD4-464804FF8D09}.Debug|Any CPU.ActiveCfg = Debug|Any CPU
		{9469A838-808A-7FC0-7FD4-464804FF8D09}.Debug|Any CPU.Build.0 = Debug|Any CPU
		{9469A838-808A-7FC0-7FD4-464804FF8D09}.Release|Any CPU.ActiveCfg = Release|Any CPU
		{9469A838-808A-7FC0-7FD4-464804FF8D09}.Release|Any CPU.Build.0 = Release|Any CPU
		{16532C1F-6F5D-6412-AF1A-57D3F03C5670}.Debug|Any CPU.ActiveCfg = Debug|Any CPU
		{16532C1F-6F5D-6412-AF1A-57D3F03C5670}.Debug|Any CPU.Build.0 = Debug|Any CPU
		{16532C1F-6F5D-6412-AF1A-57D3F03C5670}.Release|Any CPU.ActiveCfg = Release|Any CPU
		{16532C1F-6F5D-6412-AF1A-57D3F03C5670}.Release|Any CPU.Build.0 = Release|Any CPU
		{BC6F6038-0069-8AC4-F9EC-8D58341873EE}.Debug|Any CPU.ActiveCfg = Debug|Any CPU
		{BC6F6038-0069-8AC4-F9EC-8D58341873EE}.Debug|Any CPU.Build.0 = Debug|Any CPU
		{BC6F6038-0069-8AC4-F9EC-8D58341873EE}.Release|Any CPU.ActiveCfg = Release|Any CPU
		{BC6F6038-0069-8AC4-F9EC-8D58341873EE}.Release|Any CPU.Build.0 = Release|Any CPU
		{4E0D01F4-BF12-E6AB-89BD-9EBA746B6F06}.Debug|Any CPU.ActiveCfg = Debug|Any CPU
		{4E0D01F4-BF12-E6AB-89BD-9EBA746B6F06}.Debug|Any CPU.Build.0 = Debug|Any CPU
		{4E0D01F4-BF12-E6AB-89BD-9EBA746B6F06}.Release|Any CPU.ActiveCfg = Release|Any CPU
		{4E0D01F4-BF12-E6AB-89BD-9EBA746B6F06}.Release|Any CPU.Build.0 = Release|Any CPU
		{C751178D-9208-3791-889B-90CE802D7088}.Debug|Any CPU.ActiveCfg = Debug|Any CPU
		{C751178D-9208-3791-889B-90CE802D7088}.Debug|Any CPU.Build.0 = Debug|Any CPU
		{C751178D-9208-3791-889B-90CE802D7088}.Release|Any CPU.ActiveCfg = Release|Any CPU
		{C751178D-9208-3791-889B-90CE802D7088}.Release|Any CPU.Build.0 = Release|Any CPU
		{253DF5A2-9D93-F986-36CF-99F7523CD741}.Debug|Any CPU.ActiveCfg = Debug|Any CPU
		{253DF5A2-9D93-F986-36CF-99F7523CD741}.Debug|Any CPU.Build.0 = Debug|Any CPU
		{253DF5A2-9D93-F986-36CF-99F7523CD741}.Release|Any CPU.ActiveCfg = Release|Any CPU
		{253DF5A2-9D93-F986-36CF-99F7523CD741}.Release|Any CPU.Build.0 = Release|Any CPU
		{112FCC5D-D972-E0E2-F410-C61AE5304B19}.Debug|Any CPU.ActiveCfg = Debug|Any CPU
		{112FCC5D-D972-E0E2-F410-C61AE5304B19}.Debug|Any CPU.Build.0 = Debug|Any CPU
		{112FCC5D-D972-E0E2-F410-C61AE5304B19}.Release|Any CPU.ActiveCfg = Release|Any CPU
		{112FCC5D-D972-E0E2-F410-C61AE5304B19}.Release|Any CPU.Build.0 = Release|Any CPU
		{CBDDD2AA-D24E-CE82-4C30-46911B3BB498}.Debug|Any CPU.ActiveCfg = Debug|Any CPU
		{CBDDD2AA-D24E-CE82-4C30-46911B3BB498}.Debug|Any CPU.Build.0 = Debug|Any CPU
		{CBDDD2AA-D24E-CE82-4C30-46911B3BB498}.Release|Any CPU.ActiveCfg = Release|Any CPU
		{CBDDD2AA-D24E-CE82-4C30-46911B3BB498}.Release|Any CPU.Build.0 = Release|Any CPU
		{C5B38940-611C-0F5D-736B-83A09FFB4537}.Debug|Any CPU.ActiveCfg = Debug|Any CPU
		{C5B38940-611C-0F5D-736B-83A09FFB4537}.Debug|Any CPU.Build.0 = Debug|Any CPU
		{C5B38940-611C-0F5D-736B-83A09FFB4537}.Release|Any CPU.ActiveCfg = Release|Any CPU
		{C5B38940-611C-0F5D-736B-83A09FFB4537}.Release|Any CPU.Build.0 = Release|Any CPU
		{9FD0009E-61AD-1D21-D9B1-AAA8DEBC451A}.Debug|Any CPU.ActiveCfg = Debug|Any CPU
		{9FD0009E-61AD-1D21-D9B1-AAA8DEBC451A}.Debug|Any CPU.Build.0 = Debug|Any CPU
		{9FD0009E-61AD-1D21-D9B1-AAA8DEBC451A}.Release|Any CPU.ActiveCfg = Release|Any CPU
		{9FD0009E-61AD-1D21-D9B1-AAA8DEBC451A}.Release|Any CPU.Build.0 = Release|Any CPU
	EndGlobalSection
	GlobalSection(SolutionProperties) = preSolution
		HideSolutionNode = FALSE
	EndGlobalSection
EndGlobal
